// !$*UTF8*$!
{
	archiveVersion = 1;
	classes = {
	};
	objectVersion = 50;
	objects = {

/* Begin PBXBuildFile section */
		4306CCD2212A6E64008DAFB1 /* PrePostCell.xib in Resources */ = {isa = PBXBuildFile; fileRef = 4306CCD0212A6E64008DAFB1 /* PrePostCell.xib */; };
		4306CCD4212A70A3008DAFB1 /* PrePostCell.swift in Sources */ = {isa = PBXBuildFile; fileRef = 4306CCD3212A70A3008DAFB1 /* PrePostCell.swift */; };
		4306CCD7212A7B7E008DAFB1 /* PostCell.swift in Sources */ = {isa = PBXBuildFile; fileRef = 4306CCD5212A7B7E008DAFB1 /* PostCell.swift */; };
		4306CCD8212A7B7E008DAFB1 /* PostCell.xib in Resources */ = {isa = PBXBuildFile; fileRef = 4306CCD6212A7B7E008DAFB1 /* PostCell.xib */; };
		4306CCDA212A8979008DAFB1 /* CreatePostViewController.swift in Sources */ = {isa = PBXBuildFile; fileRef = 4306CCD9212A8979008DAFB1 /* CreatePostViewController.swift */; };
		4306CCDC212A9490008DAFB1 /* PostViewModel.swift in Sources */ = {isa = PBXBuildFile; fileRef = 4306CCDB212A9490008DAFB1 /* PostViewModel.swift */; };
		4306CCE1212A9C57008DAFB1 /* PostResponse.swift in Sources */ = {isa = PBXBuildFile; fileRef = 4306CCE0212A9C57008DAFB1 /* PostResponse.swift */; };
		4306CCE3212AA1CE008DAFB1 /* UserResponse.swift in Sources */ = {isa = PBXBuildFile; fileRef = 4306CCE2212AA1CE008DAFB1 /* UserResponse.swift */; };
		4306CCE5212ABE3C008DAFB1 /* CommentResponse.swift in Sources */ = {isa = PBXBuildFile; fileRef = 4306CCE4212ABE3C008DAFB1 /* CommentResponse.swift */; };
		4306CCE7212ABFD8008DAFB1 /* PostDetailViewController.swift in Sources */ = {isa = PBXBuildFile; fileRef = 4306CCE6212ABFD8008DAFB1 /* PostDetailViewController.swift */; };
		4306CCE9212AD4B1008DAFB1 /* CommentCell.swift in Sources */ = {isa = PBXBuildFile; fileRef = 4306CCE8212AD4B1008DAFB1 /* CommentCell.swift */; };
		4306CCEB212AD5E1008DAFB1 /* AnidesuRoundView.swift in Sources */ = {isa = PBXBuildFile; fileRef = 4306CCEA212AD5E1008DAFB1 /* AnidesuRoundView.swift */; };
		4307BA7A21184BAD001FF8A1 /* BaseViewController.swift in Sources */ = {isa = PBXBuildFile; fileRef = 4307BA7921184BAD001FF8A1 /* BaseViewController.swift */; };
		4307BA7D21184C73001FF8A1 /* Login.storyboard in Resources */ = {isa = PBXBuildFile; fileRef = 4307BA7B21184C73001FF8A1 /* Login.storyboard */; };
		4307BA80211850FB001FF8A1 /* LoginViewController.swift in Sources */ = {isa = PBXBuildFile; fileRef = 4307BA7F211850FB001FF8A1 /* LoginViewController.swift */; };
		4307BA832118517D001FF8A1 /* AnidesuButton.swift in Sources */ = {isa = PBXBuildFile; fileRef = 4307BA822118517D001FF8A1 /* AnidesuButton.swift */; };
		4307BA8921185A94001FF8A1 /* LoginViewModel.swift in Sources */ = {isa = PBXBuildFile; fileRef = 4307BA8821185A94001FF8A1 /* LoginViewModel.swift */; };
		4307BA8C21185B4B001FF8A1 /* FirebaseManager.swift in Sources */ = {isa = PBXBuildFile; fileRef = 4307BA8B21185B4B001FF8A1 /* FirebaseManager.swift */; };
		4307BA9021185DA7001FF8A1 /* GoogleService-Info.plist in Resources */ = {isa = PBXBuildFile; fileRef = 4307BA8F21185DA7001FF8A1 /* GoogleService-Info.plist */; };
		4307BA9321195ED0001FF8A1 /* Register.storyboard in Resources */ = {isa = PBXBuildFile; fileRef = 4307BA9121195ED0001FF8A1 /* Register.storyboard */; };
		4307BA9621195EF0001FF8A1 /* RegisterViewController.swift in Sources */ = {isa = PBXBuildFile; fileRef = 4307BA9521195EF0001FF8A1 /* RegisterViewController.swift */; };
		4307BA982119602A001FF8A1 /* BaseNavigationViewController.swift in Sources */ = {isa = PBXBuildFile; fileRef = 4307BA972119602A001FF8A1 /* BaseNavigationViewController.swift */; };
		4307BA9A21197986001FF8A1 /* AnidesuColor.swift in Sources */ = {isa = PBXBuildFile; fileRef = 4307BA9921197986001FF8A1 /* AnidesuColor.swift */; };
		4307BA9D21198D5A001FF8A1 /* ImageRoundView.swift in Sources */ = {isa = PBXBuildFile; fileRef = 4307BA9C21198D5A001FF8A1 /* ImageRoundView.swift */; };
		4307BAA3211991B7001FF8A1 /* UIImage+JPEG.swift in Sources */ = {isa = PBXBuildFile; fileRef = 4307BAA2211991B7001FF8A1 /* UIImage+JPEG.swift */; };
		4307BAA521199BF0001FF8A1 /* RegisterViewModel.swift in Sources */ = {isa = PBXBuildFile; fileRef = 4307BAA421199BF0001FF8A1 /* RegisterViewModel.swift */; };
		4328D1FD2137B5930047625D /* FirebaseRouter.swift in Sources */ = {isa = PBXBuildFile; fileRef = 4328D1FC2137B5930047625D /* FirebaseRouter.swift */; };
		4328D2022137FEDC0047625D /* ReviewViewController.swift in Sources */ = {isa = PBXBuildFile; fileRef = 4328D2012137FEDC0047625D /* ReviewViewController.swift */; };
		4328D2062138001D0047625D /* ReviewCell.swift in Sources */ = {isa = PBXBuildFile; fileRef = 4328D2042138001D0047625D /* ReviewCell.swift */; };
		4328D2072138001D0047625D /* ReviewCell.xib in Resources */ = {isa = PBXBuildFile; fileRef = 4328D2052138001D0047625D /* ReviewCell.xib */; };
		4328D20A213801DA0047625D /* ReviewResponse.swift in Sources */ = {isa = PBXBuildFile; fileRef = 4328D209213801DA0047625D /* ReviewResponse.swift */; };
		4328D20C213802710047625D /* Review.swift in Sources */ = {isa = PBXBuildFile; fileRef = 4328D20B213802710047625D /* Review.swift */; };
		4328D20E213808890047625D /* ReviewViewModel.swift in Sources */ = {isa = PBXBuildFile; fileRef = 4328D20D213808890047625D /* ReviewViewModel.swift */; };
		4335C1D82136B6D8006F1755 /* CreateMyAnimeListViewController.swift in Sources */ = {isa = PBXBuildFile; fileRef = 4335C1D72136B6D8006F1755 /* CreateMyAnimeListViewController.swift */; };
		43490F082133B971006BBD9D /* MyAnimeListViewController.swift in Sources */ = {isa = PBXBuildFile; fileRef = 43490F072133B971006BBD9D /* MyAnimeListViewController.swift */; };
		43490F0C2133BBEC006BBD9D /* MyAnimeListCell.swift in Sources */ = {isa = PBXBuildFile; fileRef = 43490F0A2133BBEC006BBD9D /* MyAnimeListCell.swift */; };
		43490F0D2133BBEC006BBD9D /* MyAnimeListCell.xib in Resources */ = {isa = PBXBuildFile; fileRef = 43490F0B2133BBEC006BBD9D /* MyAnimeListCell.xib */; };
		43490F122133BF6C006BBD9D /* MyAnimeListViewModel.swift in Sources */ = {isa = PBXBuildFile; fileRef = 43490F112133BF6C006BBD9D /* MyAnimeListViewModel.swift */; };
		43490F142133C12C006BBD9D /* MyAnimeList.swift in Sources */ = {isa = PBXBuildFile; fileRef = 43490F132133C12C006BBD9D /* MyAnimeList.swift */; };
		43490F162133C181006BBD9D /* MyAnimeListResponse.swift in Sources */ = {isa = PBXBuildFile; fileRef = 43490F152133C181006BBD9D /* MyAnimeListResponse.swift */; };
		43557186212D81FE00479886 /* AnimeDetailViewController.swift in Sources */ = {isa = PBXBuildFile; fileRef = 43557185212D81FE00479886 /* AnimeDetailViewController.swift */; };
		43557189212D82A800479886 /* AnimeHeaderCell.swift in Sources */ = {isa = PBXBuildFile; fileRef = 43557187212D82A800479886 /* AnimeHeaderCell.swift */; };
		4355718A212D82A800479886 /* AnimeHeaderCell.xib in Resources */ = {isa = PBXBuildFile; fileRef = 43557188212D82A800479886 /* AnimeHeaderCell.xib */; };
		4355718D212D92FC00479886 /* AnimeInfoCell.swift in Sources */ = {isa = PBXBuildFile; fileRef = 4355718B212D92FC00479886 /* AnimeInfoCell.swift */; };
		4355718E212D92FC00479886 /* AnimeInfoCell.xib in Resources */ = {isa = PBXBuildFile; fileRef = 4355718C212D92FC00479886 /* AnimeInfoCell.xib */; };
		43557190212D958000479886 /* SectionHeaderView.xib in Resources */ = {isa = PBXBuildFile; fileRef = 4355718F212D958000479886 /* SectionHeaderView.xib */; };
		43557192212D96A300479886 /* SectionHeaderView.swift in Sources */ = {isa = PBXBuildFile; fileRef = 43557191212D96A300479886 /* SectionHeaderView.swift */; };
		435CC31C213696870058AF41 /* Router.swift in Sources */ = {isa = PBXBuildFile; fileRef = 435CC31B213696870058AF41 /* Router.swift */; };
		437285512126CBAC007388C6 /* AniListManager.swift in Sources */ = {isa = PBXBuildFile; fileRef = 437285502126CBAC007388C6 /* AniListManager.swift */; };
		437285532126CE30007388C6 /* APIManager.swift in Sources */ = {isa = PBXBuildFile; fileRef = 437285522126CE30007388C6 /* APIManager.swift */; };
		437285562126DB9F007388C6 /* AnilistAuthenResponse.swift in Sources */ = {isa = PBXBuildFile; fileRef = 437285552126DB9F007388C6 /* AnilistAuthenResponse.swift */; };
		437285582126E130007388C6 /* AnimeResponse.swift in Sources */ = {isa = PBXBuildFile; fileRef = 437285572126E130007388C6 /* AnimeResponse.swift */; };
		43747D50211D7A4B005879F7 /* HomeViewController.swift in Sources */ = {isa = PBXBuildFile; fileRef = 43747D4F211D7A4B005879F7 /* HomeViewController.swift */; };
		437ACEC8212410A800DF56F2 /* DiscoverAnimeViewController.swift in Sources */ = {isa = PBXBuildFile; fileRef = 437ACEC7212410A800DF56F2 /* DiscoverAnimeViewController.swift */; };
		437ACECA212410B900DF56F2 /* DiscoverAnimeViewModel.swift in Sources */ = {isa = PBXBuildFile; fileRef = 437ACEC9212410B900DF56F2 /* DiscoverAnimeViewModel.swift */; };
		437ACECC212412A500DF56F2 /* Image+KF+RoundView.swift in Sources */ = {isa = PBXBuildFile; fileRef = 437ACECB212412A500DF56F2 /* Image+KF+RoundView.swift */; };
		437ACECF212420C900DF56F2 /* UserDataModel.swift in Sources */ = {isa = PBXBuildFile; fileRef = 437ACECE212420C900DF56F2 /* UserDataModel.swift */; };
		437ACED121242DAF00DF56F2 /* UserManager.swift in Sources */ = {isa = PBXBuildFile; fileRef = 437ACED021242DAF00DF56F2 /* UserManager.swift */; };
		43939F10211432B7001CCC48 /* AppDelegate.swift in Sources */ = {isa = PBXBuildFile; fileRef = 43939F0F211432B7001CCC48 /* AppDelegate.swift */; };
		43939F15211432B7001CCC48 /* Main.storyboard in Resources */ = {isa = PBXBuildFile; fileRef = 43939F13211432B7001CCC48 /* Main.storyboard */; };
		43939F17211432BB001CCC48 /* Assets.xcassets in Resources */ = {isa = PBXBuildFile; fileRef = 43939F16211432BB001CCC48 /* Assets.xcassets */; };
		43939F1A211432BB001CCC48 /* LaunchScreen.storyboard in Resources */ = {isa = PBXBuildFile; fileRef = 43939F18211432BB001CCC48 /* LaunchScreen.storyboard */; };
		43939F25211432BB001CCC48 /* ANIDESU_POITests.swift in Sources */ = {isa = PBXBuildFile; fileRef = 43939F24211432BB001CCC48 /* ANIDESU_POITests.swift */; };
		43939F30211432BB001CCC48 /* ANIDESU_POIUITests.swift in Sources */ = {isa = PBXBuildFile; fileRef = 43939F2F211432BB001CCC48 /* ANIDESU_POIUITests.swift */; };
		4399494F2138F5AE0099F48E /* FirestoreRouter.swift in Sources */ = {isa = PBXBuildFile; fileRef = 4399494E2138F5AE0099F48E /* FirestoreRouter.swift */; };
		43994951213947DA0099F48E /* CreateReviewViewController.swift in Sources */ = {isa = PBXBuildFile; fileRef = 43994950213947DA0099F48E /* CreateReviewViewController.swift */; };
		43E8388A2129A03D00E8C32F /* MenuViewController.swift in Sources */ = {isa = PBXBuildFile; fileRef = 43E838892129A03D00E8C32F /* MenuViewController.swift */; };
		43E8388E2129AA1400E8C32F /* AnimeCell.swift in Sources */ = {isa = PBXBuildFile; fileRef = 43E8388C2129AA1400E8C32F /* AnimeCell.swift */; };
		43E8388F2129AA1400E8C32F /* AnimeCell.xib in Resources */ = {isa = PBXBuildFile; fileRef = 43E8388D2129AA1400E8C32F /* AnimeCell.xib */; };
		43FF0C2D212E688C005EE970 /* AnimeStatsCell.swift in Sources */ = {isa = PBXBuildFile; fileRef = 43FF0C2B212E688C005EE970 /* AnimeStatsCell.swift */; };
		43FF0C2E212E688C005EE970 /* AnimeStatsCell.xib in Resources */ = {isa = PBXBuildFile; fileRef = 43FF0C2C212E688C005EE970 /* AnimeStatsCell.xib */; };
		43FF0C31212E7026005EE970 /* ExternalLinkCell.swift in Sources */ = {isa = PBXBuildFile; fileRef = 43FF0C2F212E7026005EE970 /* ExternalLinkCell.swift */; };
		43FF0C32212E7026005EE970 /* ExternalLinkCell.xib in Resources */ = {isa = PBXBuildFile; fileRef = 43FF0C30212E7026005EE970 /* ExternalLinkCell.xib */; };
		43FF0C35212E7E38005EE970 /* AnimeExtrasCell.swift in Sources */ = {isa = PBXBuildFile; fileRef = 43FF0C33212E7E38005EE970 /* AnimeExtrasCell.swift */; };
		43FF0C36212E7E38005EE970 /* AnimeExtrasCell.xib in Resources */ = {isa = PBXBuildFile; fileRef = 43FF0C34212E7E38005EE970 /* AnimeExtrasCell.xib */; };
		43FF0C39212E8176005EE970 /* CharacterCell.swift in Sources */ = {isa = PBXBuildFile; fileRef = 43FF0C37212E8176005EE970 /* CharacterCell.swift */; };
		43FF0C3A212E8176005EE970 /* CharacterCell.xib in Resources */ = {isa = PBXBuildFile; fileRef = 43FF0C38212E8176005EE970 /* CharacterCell.xib */; };
		43FF0C3E212E93CC005EE970 /* Anime.swift in Sources */ = {isa = PBXBuildFile; fileRef = 43FF0C3D212E93CC005EE970 /* Anime.swift */; };
		43FF0C42212E96A2005EE970 /* Airing.swift in Sources */ = {isa = PBXBuildFile; fileRef = 43FF0C41212E96A2005EE970 /* Airing.swift */; };
		43FF0C46212E97A4005EE970 /* CharacterStaff.swift in Sources */ = {isa = PBXBuildFile; fileRef = 43FF0C45212E97A4005EE970 /* CharacterStaff.swift */; };
		43FF0C4A212E9822005EE970 /* ExternalLink.swift in Sources */ = {isa = PBXBuildFile; fileRef = 43FF0C49212E9822005EE970 /* ExternalLink.swift */; };
		43FF0C4C212E99DD005EE970 /* AiringResponse.swift in Sources */ = {isa = PBXBuildFile; fileRef = 43FF0C4B212E99DD005EE970 /* AiringResponse.swift */; };
		43FF0C4E212E9ADB005EE970 /* CharacterStaffResponse.swift in Sources */ = {isa = PBXBuildFile; fileRef = 43FF0C4D212E9ADB005EE970 /* CharacterStaffResponse.swift */; };
		43FF0C50212E9F45005EE970 /* ExternalLinkResponse.swift in Sources */ = {isa = PBXBuildFile; fileRef = 43FF0C4F212E9F45005EE970 /* ExternalLinkResponse.swift */; };
		43FF0C52212EA3B0005EE970 /* StudioResponse.swift in Sources */ = {isa = PBXBuildFile; fileRef = 43FF0C51212EA3B0005EE970 /* StudioResponse.swift */; };
		43FF0C54212EA43A005EE970 /* Studio.swift in Sources */ = {isa = PBXBuildFile; fileRef = 43FF0C53212EA43A005EE970 /* Studio.swift */; };
		43FF0C56212EA508005EE970 /* AnidesuConverter.swift in Sources */ = {isa = PBXBuildFile; fileRef = 43FF0C55212EA508005EE970 /* AnidesuConverter.swift */; };
		4B0F767C3035DA2769AACE93 /* Pods_ANIDESU_POIUITests.framework in Frameworks */ = {isa = PBXBuildFile; fileRef = 59B4C972E9EAA9B5353A11FD /* Pods_ANIDESU_POIUITests.framework */; };
		55EBAE1CC4B6FBC0804EE74A /* Pods_ANIDESU_POI.framework in Frameworks */ = {isa = PBXBuildFile; fileRef = 768E584DFE33FD52991E56FC /* Pods_ANIDESU_POI.framework */; };
		96BD36CB43866F2085F798FA /* Pods_ANIDESU_POITests.framework in Frameworks */ = {isa = PBXBuildFile; fileRef = 568B8247B5B9939A9F579202 /* Pods_ANIDESU_POITests.framework */; };
/* End PBXBuildFile section */

/* Begin PBXContainerItemProxy section */
		43939F21211432BB001CCC48 /* PBXContainerItemProxy */ = {
			isa = PBXContainerItemProxy;
			containerPortal = 43939F04211432B7001CCC48 /* Project object */;
			proxyType = 1;
			remoteGlobalIDString = 43939F0B211432B7001CCC48;
			remoteInfo = "ANIDESU-POI";
		};
		43939F2C211432BB001CCC48 /* PBXContainerItemProxy */ = {
			isa = PBXContainerItemProxy;
			containerPortal = 43939F04211432B7001CCC48 /* Project object */;
			proxyType = 1;
			remoteGlobalIDString = 43939F0B211432B7001CCC48;
			remoteInfo = "ANIDESU-POI";
		};
/* End PBXContainerItemProxy section */

/* Begin PBXFileReference section */
		3DB934EC51330398AFEF3B13 /* Pods-ANIDESU-POI.debug.xcconfig */ = {isa = PBXFileReference; includeInIndex = 1; lastKnownFileType = text.xcconfig; name = "Pods-ANIDESU-POI.debug.xcconfig"; path = "Pods/Target Support Files/Pods-ANIDESU-POI/Pods-ANIDESU-POI.debug.xcconfig"; sourceTree = "<group>"; };
		4306CCD0212A6E64008DAFB1 /* PrePostCell.xib */ = {isa = PBXFileReference; lastKnownFileType = file.xib; path = PrePostCell.xib; sourceTree = "<group>"; };
		4306CCD3212A70A3008DAFB1 /* PrePostCell.swift */ = {isa = PBXFileReference; lastKnownFileType = sourcecode.swift; path = PrePostCell.swift; sourceTree = "<group>"; };
		4306CCD5212A7B7E008DAFB1 /* PostCell.swift */ = {isa = PBXFileReference; lastKnownFileType = sourcecode.swift; path = PostCell.swift; sourceTree = "<group>"; };
		4306CCD6212A7B7E008DAFB1 /* PostCell.xib */ = {isa = PBXFileReference; lastKnownFileType = file.xib; path = PostCell.xib; sourceTree = "<group>"; };
		4306CCD9212A8979008DAFB1 /* CreatePostViewController.swift */ = {isa = PBXFileReference; lastKnownFileType = sourcecode.swift; path = CreatePostViewController.swift; sourceTree = "<group>"; };
		4306CCDB212A9490008DAFB1 /* PostViewModel.swift */ = {isa = PBXFileReference; lastKnownFileType = sourcecode.swift; path = PostViewModel.swift; sourceTree = "<group>"; };
		4306CCE0212A9C57008DAFB1 /* PostResponse.swift */ = {isa = PBXFileReference; lastKnownFileType = sourcecode.swift; path = PostResponse.swift; sourceTree = "<group>"; };
		4306CCE2212AA1CE008DAFB1 /* UserResponse.swift */ = {isa = PBXFileReference; lastKnownFileType = sourcecode.swift; path = UserResponse.swift; sourceTree = "<group>"; };
		4306CCE4212ABE3C008DAFB1 /* CommentResponse.swift */ = {isa = PBXFileReference; lastKnownFileType = sourcecode.swift; path = CommentResponse.swift; sourceTree = "<group>"; };
		4306CCE6212ABFD8008DAFB1 /* PostDetailViewController.swift */ = {isa = PBXFileReference; lastKnownFileType = sourcecode.swift; path = PostDetailViewController.swift; sourceTree = "<group>"; };
		4306CCE8212AD4B1008DAFB1 /* CommentCell.swift */ = {isa = PBXFileReference; lastKnownFileType = sourcecode.swift; path = CommentCell.swift; sourceTree = "<group>"; };
		4306CCEA212AD5E1008DAFB1 /* AnidesuRoundView.swift */ = {isa = PBXFileReference; lastKnownFileType = sourcecode.swift; path = AnidesuRoundView.swift; sourceTree = "<group>"; };
		4307BA7921184BAD001FF8A1 /* BaseViewController.swift */ = {isa = PBXFileReference; lastKnownFileType = sourcecode.swift; path = BaseViewController.swift; sourceTree = "<group>"; };
		4307BA7C21184C73001FF8A1 /* Base */ = {isa = PBXFileReference; lastKnownFileType = file.storyboard; name = Base; path = Base.lproj/Login.storyboard; sourceTree = "<group>"; };
		4307BA7F211850FB001FF8A1 /* LoginViewController.swift */ = {isa = PBXFileReference; lastKnownFileType = sourcecode.swift; path = LoginViewController.swift; sourceTree = "<group>"; };
		4307BA822118517D001FF8A1 /* AnidesuButton.swift */ = {isa = PBXFileReference; lastKnownFileType = sourcecode.swift; path = AnidesuButton.swift; sourceTree = "<group>"; };
		4307BA8821185A94001FF8A1 /* LoginViewModel.swift */ = {isa = PBXFileReference; lastKnownFileType = sourcecode.swift; path = LoginViewModel.swift; sourceTree = "<group>"; };
		4307BA8B21185B4B001FF8A1 /* FirebaseManager.swift */ = {isa = PBXFileReference; lastKnownFileType = sourcecode.swift; path = FirebaseManager.swift; sourceTree = "<group>"; };
		4307BA8F21185DA7001FF8A1 /* GoogleService-Info.plist */ = {isa = PBXFileReference; fileEncoding = 4; lastKnownFileType = text.plist.xml; path = "GoogleService-Info.plist"; sourceTree = "<group>"; };
		4307BA9221195ED0001FF8A1 /* Base */ = {isa = PBXFileReference; lastKnownFileType = file.storyboard; name = Base; path = Base.lproj/Register.storyboard; sourceTree = "<group>"; };
		4307BA9521195EF0001FF8A1 /* RegisterViewController.swift */ = {isa = PBXFileReference; lastKnownFileType = sourcecode.swift; path = RegisterViewController.swift; sourceTree = "<group>"; };
		4307BA972119602A001FF8A1 /* BaseNavigationViewController.swift */ = {isa = PBXFileReference; lastKnownFileType = sourcecode.swift; path = BaseNavigationViewController.swift; sourceTree = "<group>"; };
		4307BA9921197986001FF8A1 /* AnidesuColor.swift */ = {isa = PBXFileReference; lastKnownFileType = sourcecode.swift; path = AnidesuColor.swift; sourceTree = "<group>"; };
		4307BA9C21198D5A001FF8A1 /* ImageRoundView.swift */ = {isa = PBXFileReference; lastKnownFileType = sourcecode.swift; path = ImageRoundView.swift; sourceTree = "<group>"; };
		4307BAA2211991B7001FF8A1 /* UIImage+JPEG.swift */ = {isa = PBXFileReference; lastKnownFileType = sourcecode.swift; path = "UIImage+JPEG.swift"; sourceTree = "<group>"; };
		4307BAA421199BF0001FF8A1 /* RegisterViewModel.swift */ = {isa = PBXFileReference; lastKnownFileType = sourcecode.swift; path = RegisterViewModel.swift; sourceTree = "<group>"; };
		431C28889FA377B619A3D8C6 /* Pods-ANIDESU-POIUITests.debug.xcconfig */ = {isa = PBXFileReference; includeInIndex = 1; lastKnownFileType = text.xcconfig; name = "Pods-ANIDESU-POIUITests.debug.xcconfig"; path = "Pods/Target Support Files/Pods-ANIDESU-POIUITests/Pods-ANIDESU-POIUITests.debug.xcconfig"; sourceTree = "<group>"; };
		4328D1FC2137B5930047625D /* FirebaseRouter.swift */ = {isa = PBXFileReference; lastKnownFileType = sourcecode.swift; path = FirebaseRouter.swift; sourceTree = "<group>"; };
		4328D2012137FEDC0047625D /* ReviewViewController.swift */ = {isa = PBXFileReference; lastKnownFileType = sourcecode.swift; path = ReviewViewController.swift; sourceTree = "<group>"; };
		4328D2042138001D0047625D /* ReviewCell.swift */ = {isa = PBXFileReference; lastKnownFileType = sourcecode.swift; path = ReviewCell.swift; sourceTree = "<group>"; };
		4328D2052138001D0047625D /* ReviewCell.xib */ = {isa = PBXFileReference; lastKnownFileType = file.xib; path = ReviewCell.xib; sourceTree = "<group>"; };
		4328D209213801DA0047625D /* ReviewResponse.swift */ = {isa = PBXFileReference; lastKnownFileType = sourcecode.swift; path = ReviewResponse.swift; sourceTree = "<group>"; };
		4328D20B213802710047625D /* Review.swift */ = {isa = PBXFileReference; lastKnownFileType = sourcecode.swift; path = Review.swift; sourceTree = "<group>"; };
		4328D20D213808890047625D /* ReviewViewModel.swift */ = {isa = PBXFileReference; lastKnownFileType = sourcecode.swift; path = ReviewViewModel.swift; sourceTree = "<group>"; };
		4335C1D72136B6D8006F1755 /* CreateMyAnimeListViewController.swift */ = {isa = PBXFileReference; lastKnownFileType = sourcecode.swift; path = CreateMyAnimeListViewController.swift; sourceTree = "<group>"; };
		43490F072133B971006BBD9D /* MyAnimeListViewController.swift */ = {isa = PBXFileReference; lastKnownFileType = sourcecode.swift; path = MyAnimeListViewController.swift; sourceTree = "<group>"; };
		43490F0A2133BBEC006BBD9D /* MyAnimeListCell.swift */ = {isa = PBXFileReference; lastKnownFileType = sourcecode.swift; path = MyAnimeListCell.swift; sourceTree = "<group>"; };
		43490F0B2133BBEC006BBD9D /* MyAnimeListCell.xib */ = {isa = PBXFileReference; lastKnownFileType = file.xib; path = MyAnimeListCell.xib; sourceTree = "<group>"; };
		43490F112133BF6C006BBD9D /* MyAnimeListViewModel.swift */ = {isa = PBXFileReference; lastKnownFileType = sourcecode.swift; path = MyAnimeListViewModel.swift; sourceTree = "<group>"; };
		43490F132133C12C006BBD9D /* MyAnimeList.swift */ = {isa = PBXFileReference; lastKnownFileType = sourcecode.swift; path = MyAnimeList.swift; sourceTree = "<group>"; };
		43490F152133C181006BBD9D /* MyAnimeListResponse.swift */ = {isa = PBXFileReference; lastKnownFileType = sourcecode.swift; path = MyAnimeListResponse.swift; sourceTree = "<group>"; };
		43557185212D81FE00479886 /* AnimeDetailViewController.swift */ = {isa = PBXFileReference; lastKnownFileType = sourcecode.swift; path = AnimeDetailViewController.swift; sourceTree = "<group>"; };
		43557187212D82A800479886 /* AnimeHeaderCell.swift */ = {isa = PBXFileReference; lastKnownFileType = sourcecode.swift; path = AnimeHeaderCell.swift; sourceTree = "<group>"; };
		43557188212D82A800479886 /* AnimeHeaderCell.xib */ = {isa = PBXFileReference; lastKnownFileType = file.xib; path = AnimeHeaderCell.xib; sourceTree = "<group>"; };
		4355718B212D92FC00479886 /* AnimeInfoCell.swift */ = {isa = PBXFileReference; lastKnownFileType = sourcecode.swift; path = AnimeInfoCell.swift; sourceTree = "<group>"; };
		4355718C212D92FC00479886 /* AnimeInfoCell.xib */ = {isa = PBXFileReference; lastKnownFileType = file.xib; path = AnimeInfoCell.xib; sourceTree = "<group>"; };
		4355718F212D958000479886 /* SectionHeaderView.xib */ = {isa = PBXFileReference; lastKnownFileType = file.xib; path = SectionHeaderView.xib; sourceTree = "<group>"; };
		43557191212D96A300479886 /* SectionHeaderView.swift */ = {isa = PBXFileReference; lastKnownFileType = sourcecode.swift; path = SectionHeaderView.swift; sourceTree = "<group>"; };
		435CC31B213696870058AF41 /* Router.swift */ = {isa = PBXFileReference; lastKnownFileType = sourcecode.swift; path = Router.swift; sourceTree = "<group>"; };
		437285502126CBAC007388C6 /* AniListManager.swift */ = {isa = PBXFileReference; lastKnownFileType = sourcecode.swift; path = AniListManager.swift; sourceTree = "<group>"; };
		437285522126CE30007388C6 /* APIManager.swift */ = {isa = PBXFileReference; lastKnownFileType = sourcecode.swift; path = APIManager.swift; sourceTree = "<group>"; };
		437285552126DB9F007388C6 /* AnilistAuthenResponse.swift */ = {isa = PBXFileReference; lastKnownFileType = sourcecode.swift; path = AnilistAuthenResponse.swift; sourceTree = "<group>"; };
		437285572126E130007388C6 /* AnimeResponse.swift */ = {isa = PBXFileReference; lastKnownFileType = sourcecode.swift; path = AnimeResponse.swift; sourceTree = "<group>"; };
		43747D4F211D7A4B005879F7 /* HomeViewController.swift */ = {isa = PBXFileReference; lastKnownFileType = sourcecode.swift; path = HomeViewController.swift; sourceTree = "<group>"; };
		437ACEC7212410A800DF56F2 /* DiscoverAnimeViewController.swift */ = {isa = PBXFileReference; lastKnownFileType = sourcecode.swift; path = DiscoverAnimeViewController.swift; sourceTree = "<group>"; };
		437ACEC9212410B900DF56F2 /* DiscoverAnimeViewModel.swift */ = {isa = PBXFileReference; lastKnownFileType = sourcecode.swift; path = DiscoverAnimeViewModel.swift; sourceTree = "<group>"; };
		437ACECB212412A500DF56F2 /* Image+KF+RoundView.swift */ = {isa = PBXFileReference; lastKnownFileType = sourcecode.swift; path = "Image+KF+RoundView.swift"; sourceTree = "<group>"; };
		437ACECE212420C900DF56F2 /* UserDataModel.swift */ = {isa = PBXFileReference; lastKnownFileType = sourcecode.swift; path = UserDataModel.swift; sourceTree = "<group>"; };
		437ACED021242DAF00DF56F2 /* UserManager.swift */ = {isa = PBXFileReference; lastKnownFileType = sourcecode.swift; path = UserManager.swift; sourceTree = "<group>"; };
		43939F0C211432B7001CCC48 /* ANIDESU-POI.app */ = {isa = PBXFileReference; explicitFileType = wrapper.application; includeInIndex = 0; path = "ANIDESU-POI.app"; sourceTree = BUILT_PRODUCTS_DIR; };
		43939F0F211432B7001CCC48 /* AppDelegate.swift */ = {isa = PBXFileReference; lastKnownFileType = sourcecode.swift; path = AppDelegate.swift; sourceTree = "<group>"; };
		43939F14211432B7001CCC48 /* Base */ = {isa = PBXFileReference; lastKnownFileType = file.storyboard; name = Base; path = Base.lproj/Main.storyboard; sourceTree = "<group>"; };
		43939F16211432BB001CCC48 /* Assets.xcassets */ = {isa = PBXFileReference; lastKnownFileType = folder.assetcatalog; path = Assets.xcassets; sourceTree = "<group>"; };
		43939F19211432BB001CCC48 /* Base */ = {isa = PBXFileReference; lastKnownFileType = file.storyboard; name = Base; path = Base.lproj/LaunchScreen.storyboard; sourceTree = "<group>"; };
		43939F1B211432BB001CCC48 /* Info.plist */ = {isa = PBXFileReference; lastKnownFileType = text.plist.xml; path = Info.plist; sourceTree = "<group>"; };
		43939F20211432BB001CCC48 /* ANIDESU-POITests.xctest */ = {isa = PBXFileReference; explicitFileType = wrapper.cfbundle; includeInIndex = 0; path = "ANIDESU-POITests.xctest"; sourceTree = BUILT_PRODUCTS_DIR; };
		43939F24211432BB001CCC48 /* ANIDESU_POITests.swift */ = {isa = PBXFileReference; lastKnownFileType = sourcecode.swift; path = ANIDESU_POITests.swift; sourceTree = "<group>"; };
		43939F26211432BB001CCC48 /* Info.plist */ = {isa = PBXFileReference; lastKnownFileType = text.plist.xml; path = Info.plist; sourceTree = "<group>"; };
		43939F2B211432BB001CCC48 /* ANIDESU-POIUITests.xctest */ = {isa = PBXFileReference; explicitFileType = wrapper.cfbundle; includeInIndex = 0; path = "ANIDESU-POIUITests.xctest"; sourceTree = BUILT_PRODUCTS_DIR; };
		43939F2F211432BB001CCC48 /* ANIDESU_POIUITests.swift */ = {isa = PBXFileReference; lastKnownFileType = sourcecode.swift; path = ANIDESU_POIUITests.swift; sourceTree = "<group>"; };
		43939F31211432BB001CCC48 /* Info.plist */ = {isa = PBXFileReference; lastKnownFileType = text.plist.xml; path = Info.plist; sourceTree = "<group>"; };
		4399494E2138F5AE0099F48E /* FirestoreRouter.swift */ = {isa = PBXFileReference; lastKnownFileType = sourcecode.swift; path = FirestoreRouter.swift; sourceTree = "<group>"; };
		43994950213947DA0099F48E /* CreateReviewViewController.swift */ = {isa = PBXFileReference; lastKnownFileType = sourcecode.swift; path = CreateReviewViewController.swift; sourceTree = "<group>"; };
		43E838892129A03D00E8C32F /* MenuViewController.swift */ = {isa = PBXFileReference; lastKnownFileType = sourcecode.swift; path = MenuViewController.swift; sourceTree = "<group>"; };
		43E8388C2129AA1400E8C32F /* AnimeCell.swift */ = {isa = PBXFileReference; lastKnownFileType = sourcecode.swift; path = AnimeCell.swift; sourceTree = "<group>"; };
		43E8388D2129AA1400E8C32F /* AnimeCell.xib */ = {isa = PBXFileReference; lastKnownFileType = file.xib; path = AnimeCell.xib; sourceTree = "<group>"; };
		43FF0C2B212E688C005EE970 /* AnimeStatsCell.swift */ = {isa = PBXFileReference; lastKnownFileType = sourcecode.swift; path = AnimeStatsCell.swift; sourceTree = "<group>"; };
		43FF0C2C212E688C005EE970 /* AnimeStatsCell.xib */ = {isa = PBXFileReference; lastKnownFileType = file.xib; path = AnimeStatsCell.xib; sourceTree = "<group>"; };
		43FF0C2F212E7026005EE970 /* ExternalLinkCell.swift */ = {isa = PBXFileReference; lastKnownFileType = sourcecode.swift; path = ExternalLinkCell.swift; sourceTree = "<group>"; };
		43FF0C30212E7026005EE970 /* ExternalLinkCell.xib */ = {isa = PBXFileReference; lastKnownFileType = file.xib; path = ExternalLinkCell.xib; sourceTree = "<group>"; };
		43FF0C33212E7E38005EE970 /* AnimeExtrasCell.swift */ = {isa = PBXFileReference; lastKnownFileType = sourcecode.swift; path = AnimeExtrasCell.swift; sourceTree = "<group>"; };
		43FF0C34212E7E38005EE970 /* AnimeExtrasCell.xib */ = {isa = PBXFileReference; lastKnownFileType = file.xib; path = AnimeExtrasCell.xib; sourceTree = "<group>"; };
		43FF0C37212E8176005EE970 /* CharacterCell.swift */ = {isa = PBXFileReference; lastKnownFileType = sourcecode.swift; path = CharacterCell.swift; sourceTree = "<group>"; };
		43FF0C38212E8176005EE970 /* CharacterCell.xib */ = {isa = PBXFileReference; lastKnownFileType = file.xib; path = CharacterCell.xib; sourceTree = "<group>"; };
		43FF0C3D212E93CC005EE970 /* Anime.swift */ = {isa = PBXFileReference; lastKnownFileType = sourcecode.swift; path = Anime.swift; sourceTree = "<group>"; };
		43FF0C41212E96A2005EE970 /* Airing.swift */ = {isa = PBXFileReference; lastKnownFileType = sourcecode.swift; path = Airing.swift; sourceTree = "<group>"; };
		43FF0C45212E97A4005EE970 /* CharacterStaff.swift */ = {isa = PBXFileReference; lastKnownFileType = sourcecode.swift; path = CharacterStaff.swift; sourceTree = "<group>"; };
		43FF0C49212E9822005EE970 /* ExternalLink.swift */ = {isa = PBXFileReference; lastKnownFileType = sourcecode.swift; path = ExternalLink.swift; sourceTree = "<group>"; };
		43FF0C4B212E99DD005EE970 /* AiringResponse.swift */ = {isa = PBXFileReference; lastKnownFileType = sourcecode.swift; path = AiringResponse.swift; sourceTree = "<group>"; };
		43FF0C4D212E9ADB005EE970 /* CharacterStaffResponse.swift */ = {isa = PBXFileReference; lastKnownFileType = sourcecode.swift; path = CharacterStaffResponse.swift; sourceTree = "<group>"; };
		43FF0C4F212E9F45005EE970 /* ExternalLinkResponse.swift */ = {isa = PBXFileReference; lastKnownFileType = sourcecode.swift; path = ExternalLinkResponse.swift; sourceTree = "<group>"; };
		43FF0C51212EA3B0005EE970 /* StudioResponse.swift */ = {isa = PBXFileReference; lastKnownFileType = sourcecode.swift; path = StudioResponse.swift; sourceTree = "<group>"; };
		43FF0C53212EA43A005EE970 /* Studio.swift */ = {isa = PBXFileReference; lastKnownFileType = sourcecode.swift; path = Studio.swift; sourceTree = "<group>"; };
		43FF0C55212EA508005EE970 /* AnidesuConverter.swift */ = {isa = PBXFileReference; lastKnownFileType = sourcecode.swift; path = AnidesuConverter.swift; sourceTree = "<group>"; };
		568B8247B5B9939A9F579202 /* Pods_ANIDESU_POITests.framework */ = {isa = PBXFileReference; explicitFileType = wrapper.framework; includeInIndex = 0; path = Pods_ANIDESU_POITests.framework; sourceTree = BUILT_PRODUCTS_DIR; };
		59B4C972E9EAA9B5353A11FD /* Pods_ANIDESU_POIUITests.framework */ = {isa = PBXFileReference; explicitFileType = wrapper.framework; includeInIndex = 0; path = Pods_ANIDESU_POIUITests.framework; sourceTree = BUILT_PRODUCTS_DIR; };
		6C10CC30D422D7DD79F708C9 /* Pods-ANIDESU-POIUITests.release.xcconfig */ = {isa = PBXFileReference; includeInIndex = 1; lastKnownFileType = text.xcconfig; name = "Pods-ANIDESU-POIUITests.release.xcconfig"; path = "Pods/Target Support Files/Pods-ANIDESU-POIUITests/Pods-ANIDESU-POIUITests.release.xcconfig"; sourceTree = "<group>"; };
		6D9AB2635383421A6FBA9BD6 /* Pods-ANIDESU-POI.release.xcconfig */ = {isa = PBXFileReference; includeInIndex = 1; lastKnownFileType = text.xcconfig; name = "Pods-ANIDESU-POI.release.xcconfig"; path = "Pods/Target Support Files/Pods-ANIDESU-POI/Pods-ANIDESU-POI.release.xcconfig"; sourceTree = "<group>"; };
		768E584DFE33FD52991E56FC /* Pods_ANIDESU_POI.framework */ = {isa = PBXFileReference; explicitFileType = wrapper.framework; includeInIndex = 0; path = Pods_ANIDESU_POI.framework; sourceTree = BUILT_PRODUCTS_DIR; };
		D049C6E4F8EEABA4068878A8 /* Pods-ANIDESU-POITests.debug.xcconfig */ = {isa = PBXFileReference; includeInIndex = 1; lastKnownFileType = text.xcconfig; name = "Pods-ANIDESU-POITests.debug.xcconfig"; path = "Pods/Target Support Files/Pods-ANIDESU-POITests/Pods-ANIDESU-POITests.debug.xcconfig"; sourceTree = "<group>"; };
		F14B44D237F466469F720634 /* Pods-ANIDESU-POITests.release.xcconfig */ = {isa = PBXFileReference; includeInIndex = 1; lastKnownFileType = text.xcconfig; name = "Pods-ANIDESU-POITests.release.xcconfig"; path = "Pods/Target Support Files/Pods-ANIDESU-POITests/Pods-ANIDESU-POITests.release.xcconfig"; sourceTree = "<group>"; };
/* End PBXFileReference section */

/* Begin PBXFrameworksBuildPhase section */
		43939F09211432B7001CCC48 /* Frameworks */ = {
			isa = PBXFrameworksBuildPhase;
			buildActionMask = 2147483647;
			files = (
				55EBAE1CC4B6FBC0804EE74A /* Pods_ANIDESU_POI.framework in Frameworks */,
			);
			runOnlyForDeploymentPostprocessing = 0;
		};
		43939F1D211432BB001CCC48 /* Frameworks */ = {
			isa = PBXFrameworksBuildPhase;
			buildActionMask = 2147483647;
			files = (
				96BD36CB43866F2085F798FA /* Pods_ANIDESU_POITests.framework in Frameworks */,
			);
			runOnlyForDeploymentPostprocessing = 0;
		};
		43939F28211432BB001CCC48 /* Frameworks */ = {
			isa = PBXFrameworksBuildPhase;
			buildActionMask = 2147483647;
			files = (
				4B0F767C3035DA2769AACE93 /* Pods_ANIDESU_POIUITests.framework in Frameworks */,
			);
			runOnlyForDeploymentPostprocessing = 0;
		};
/* End PBXFrameworksBuildPhase section */

/* Begin PBXGroup section */
		4306CCCE212A6E4B008DAFB1 /* View */ = {
			isa = PBXGroup;
			children = (
				4306CCD3212A70A3008DAFB1 /* PrePostCell.swift */,
				4306CCD5212A7B7E008DAFB1 /* PostCell.swift */,
				4306CCE8212AD4B1008DAFB1 /* CommentCell.swift */,
			);
			path = View;
			sourceTree = "<group>";
		};
		4307BA7721184B5B001FF8A1 /* LaunchScreen */ = {
			isa = PBXGroup;
			children = (
			);
			path = LaunchScreen;
			sourceTree = "<group>";
		};
		4307BA7821184B80001FF8A1 /* BaseStructure */ = {
			isa = PBXGroup;
			children = (
				43E838892129A03D00E8C32F /* MenuViewController.swift */,
				4307BA7921184BAD001FF8A1 /* BaseViewController.swift */,
				4307BA972119602A001FF8A1 /* BaseNavigationViewController.swift */,
			);
			path = BaseStructure;
			sourceTree = "<group>";
		};
		4307BA7E211850D9001FF8A1 /* Login */ = {
			isa = PBXGroup;
			children = (
				4307BA7F211850FB001FF8A1 /* LoginViewController.swift */,
				4307BA8821185A94001FF8A1 /* LoginViewModel.swift */,
			);
			path = Login;
			sourceTree = "<group>";
		};
		4307BA812118515D001FF8A1 /* Components */ = {
			isa = PBXGroup;
			children = (
				4307BA822118517D001FF8A1 /* AnidesuButton.swift */,
				4307BA9921197986001FF8A1 /* AnidesuColor.swift */,
				4307BA9C21198D5A001FF8A1 /* ImageRoundView.swift */,
				4306CCEA212AD5E1008DAFB1 /* AnidesuRoundView.swift */,
				43557191212D96A300479886 /* SectionHeaderView.swift */,
			);
			path = Components;
			sourceTree = "<group>";
		};
		4307BA8A21185B35001FF8A1 /* Managers */ = {
			isa = PBXGroup;
			children = (
				435CC31A213696730058AF41 /* Router */,
				437285542126DB6B007388C6 /* Response */,
				4307BA8B21185B4B001FF8A1 /* FirebaseManager.swift */,
				437ACED021242DAF00DF56F2 /* UserManager.swift */,
				437285502126CBAC007388C6 /* AniListManager.swift */,
				437285522126CE30007388C6 /* APIManager.swift */,
			);
			path = Managers;
			sourceTree = "<group>";
		};
		4307BA9421195EDD001FF8A1 /* Register */ = {
			isa = PBXGroup;
			children = (
				4307BA9521195EF0001FF8A1 /* RegisterViewController.swift */,
				4307BAA421199BF0001FF8A1 /* RegisterViewModel.swift */,
			);
			path = Register;
			sourceTree = "<group>";
		};
		4307BAA12119919F001FF8A1 /* Extensions */ = {
			isa = PBXGroup;
			children = (
				4307BAA2211991B7001FF8A1 /* UIImage+JPEG.swift */,
				437ACECB212412A500DF56F2 /* Image+KF+RoundView.swift */,
				43FF0C55212EA508005EE970 /* AnidesuConverter.swift */,
			);
			path = Extensions;
			sourceTree = "<group>";
		};
		4328D1FE2137FEA90047625D /* Review */ = {
			isa = PBXGroup;
			children = (
				4328D208213800C30047625D /* View */,
				4328D2012137FEDC0047625D /* ReviewViewController.swift */,
				4328D20D213808890047625D /* ReviewViewModel.swift */,
				43994950213947DA0099F48E /* CreateReviewViewController.swift */,
			);
			path = Review;
			sourceTree = "<group>";
		};
		4328D2032137FF660047625D /* Review */ = {
			isa = PBXGroup;
			children = (
				4328D2052138001D0047625D /* ReviewCell.xib */,
			);
			path = Review;
			sourceTree = "<group>";
		};
		4328D208213800C30047625D /* View */ = {
			isa = PBXGroup;
			children = (
				4328D2042138001D0047625D /* ReviewCell.swift */,
			);
			path = View;
			sourceTree = "<group>";
		};
		43490F062133B947006BBD9D /* MyAnimeList */ = {
			isa = PBXGroup;
			children = (
				43490F0E2133BC03006BBD9D /* View */,
				43490F072133B971006BBD9D /* MyAnimeListViewController.swift */,
				43490F112133BF6C006BBD9D /* MyAnimeListViewModel.swift */,
				4335C1D72136B6D8006F1755 /* CreateMyAnimeListViewController.swift */,
			);
			path = MyAnimeList;
			sourceTree = "<group>";
		};
		43490F092133BB9C006BBD9D /* MyAnimeList */ = {
			isa = PBXGroup;
			children = (
				43490F0B2133BBEC006BBD9D /* MyAnimeListCell.xib */,
			);
			path = MyAnimeList;
			sourceTree = "<group>";
		};
		43490F0E2133BC03006BBD9D /* View */ = {
			isa = PBXGroup;
			children = (
				43490F0A2133BBEC006BBD9D /* MyAnimeListCell.swift */,
			);
			path = View;
			sourceTree = "<group>";
		};
		43490F0F2133BC8D006BBD9D /* Home */ = {
			isa = PBXGroup;
			children = (
				4306CCD6212A7B7E008DAFB1 /* PostCell.xib */,
				4306CCD0212A6E64008DAFB1 /* PrePostCell.xib */,
			);
			path = Home;
			sourceTree = "<group>";
		};
		43490F102133BC9D006BBD9D /* Base */ = {
			isa = PBXGroup;
			children = (
				4355718F212D958000479886 /* SectionHeaderView.xib */,
			);
			path = Base;
			sourceTree = "<group>";
		};
		435CC31A213696730058AF41 /* Router */ = {
			isa = PBXGroup;
			children = (
				435CC31B213696870058AF41 /* Router.swift */,
				4328D1FC2137B5930047625D /* FirebaseRouter.swift */,
				4399494E2138F5AE0099F48E /* FirestoreRouter.swift */,
			);
			path = Router;
			sourceTree = "<group>";
		};
		437285542126DB6B007388C6 /* Response */ = {
			isa = PBXGroup;
			children = (
				437285552126DB9F007388C6 /* AnilistAuthenResponse.swift */,
				437285572126E130007388C6 /* AnimeResponse.swift */,
				4306CCE0212A9C57008DAFB1 /* PostResponse.swift */,
				4306CCE2212AA1CE008DAFB1 /* UserResponse.swift */,
				4306CCE4212ABE3C008DAFB1 /* CommentResponse.swift */,
				43FF0C4B212E99DD005EE970 /* AiringResponse.swift */,
				43FF0C4D212E9ADB005EE970 /* CharacterStaffResponse.swift */,
				43FF0C4F212E9F45005EE970 /* ExternalLinkResponse.swift */,
				43FF0C51212EA3B0005EE970 /* StudioResponse.swift */,
				43490F152133C181006BBD9D /* MyAnimeListResponse.swift */,
				4328D209213801DA0047625D /* ReviewResponse.swift */,
			);
			path = Response;
			sourceTree = "<group>";
		};
		43747D4E211D7A2F005879F7 /* Home */ = {
			isa = PBXGroup;
			children = (
				4306CCCE212A6E4B008DAFB1 /* View */,
				43747D4F211D7A4B005879F7 /* HomeViewController.swift */,
				4306CCD9212A8979008DAFB1 /* CreatePostViewController.swift */,
				4306CCDB212A9490008DAFB1 /* PostViewModel.swift */,
				4306CCE6212ABFD8008DAFB1 /* PostDetailViewController.swift */,
			);
			path = Home;
			sourceTree = "<group>";
		};
		437ACEC62124108C00DF56F2 /* DiscoverAnime */ = {
			isa = PBXGroup;
			children = (
				43E838902129AA3D00E8C32F /* View */,
				437ACEC7212410A800DF56F2 /* DiscoverAnimeViewController.swift */,
				437ACEC9212410B900DF56F2 /* DiscoverAnimeViewModel.swift */,
				43557185212D81FE00479886 /* AnimeDetailViewController.swift */,
			);
			path = DiscoverAnime;
			sourceTree = "<group>";
		};
		437ACECD212420B600DF56F2 /* Model */ = {
			isa = PBXGroup;
			children = (
				437ACECE212420C900DF56F2 /* UserDataModel.swift */,
			);
			path = Model;
			sourceTree = "<group>";
		};
		43939F03211432B7001CCC48 = {
			isa = PBXGroup;
			children = (
				43939F0E211432B7001CCC48 /* ANIDESU-POI */,
				43939F3D211433B5001CCC48 /* Libs */,
				43939F3E211433C9001CCC48 /* Resources */,
				43939F402114344E001CCC48 /* Supporting Files */,
				43939F23211432BB001CCC48 /* ANIDESU-POITests */,
				43939F2E211432BB001CCC48 /* ANIDESU-POIUITests */,
				43939F0D211432B7001CCC48 /* Products */,
				5B89A155F391FBF5342FF47D /* Pods */,
				BFC7CA7C8BDCC7F8BE852125 /* Frameworks */,
			);
			sourceTree = "<group>";
		};
		43939F0D211432B7001CCC48 /* Products */ = {
			isa = PBXGroup;
			children = (
				43939F0C211432B7001CCC48 /* ANIDESU-POI.app */,
				43939F20211432BB001CCC48 /* ANIDESU-POITests.xctest */,
				43939F2B211432BB001CCC48 /* ANIDESU-POIUITests.xctest */,
			);
			name = Products;
			sourceTree = "<group>";
		};
		43939F0E211432B7001CCC48 /* ANIDESU-POI */ = {
			isa = PBXGroup;
			children = (
				4328D1FE2137FEA90047625D /* Review */,
				43747D4E211D7A2F005879F7 /* Home */,
				437ACEC62124108C00DF56F2 /* DiscoverAnime */,
				43490F062133B947006BBD9D /* MyAnimeList */,
				4307BA9421195EDD001FF8A1 /* Register */,
				4307BA7E211850D9001FF8A1 /* Login */,
				43FF0C3C212E93B8005EE970 /* Models */,
			);
			path = "ANIDESU-POI";
			sourceTree = "<group>";
		};
		43939F23211432BB001CCC48 /* ANIDESU-POITests */ = {
			isa = PBXGroup;
			children = (
				43939F24211432BB001CCC48 /* ANIDESU_POITests.swift */,
				43939F26211432BB001CCC48 /* Info.plist */,
			);
			path = "ANIDESU-POITests";
			sourceTree = "<group>";
		};
		43939F2E211432BB001CCC48 /* ANIDESU-POIUITests */ = {
			isa = PBXGroup;
			children = (
				43939F2F211432BB001CCC48 /* ANIDESU_POIUITests.swift */,
				43939F31211432BB001CCC48 /* Info.plist */,
			);
			path = "ANIDESU-POIUITests";
			sourceTree = "<group>";
		};
		43939F3D211433B5001CCC48 /* Libs */ = {
			isa = PBXGroup;
			children = (
				4307BAA12119919F001FF8A1 /* Extensions */,
				4307BA8A21185B35001FF8A1 /* Managers */,
				4307BA812118515D001FF8A1 /* Components */,
				4307BA7821184B80001FF8A1 /* BaseStructure */,
				4307BA7721184B5B001FF8A1 /* LaunchScreen */,
			);
			path = Libs;
			sourceTree = "<group>";
		};
		43939F3E211433C9001CCC48 /* Resources */ = {
			isa = PBXGroup;
			children = (
				43E8388B2129A9DE00E8C32F /* XIBs */,
				437ACECD212420B600DF56F2 /* Model */,
				43939F3F21143401001CCC48 /* Storyboard */,
				43939F16211432BB001CCC48 /* Assets.xcassets */,
			);
			path = Resources;
			sourceTree = "<group>";
		};
		43939F3F21143401001CCC48 /* Storyboard */ = {
			isa = PBXGroup;
			children = (
				43939F13211432B7001CCC48 /* Main.storyboard */,
				43939F18211432BB001CCC48 /* LaunchScreen.storyboard */,
				4307BA7B21184C73001FF8A1 /* Login.storyboard */,
				4307BA9121195ED0001FF8A1 /* Register.storyboard */,
			);
			path = Storyboard;
			sourceTree = "<group>";
		};
		43939F402114344E001CCC48 /* Supporting Files */ = {
			isa = PBXGroup;
			children = (
				43939F0F211432B7001CCC48 /* AppDelegate.swift */,
				43939F1B211432BB001CCC48 /* Info.plist */,
				4307BA8F21185DA7001FF8A1 /* GoogleService-Info.plist */,
			);
			path = "Supporting Files";
			sourceTree = "<group>";
		};
		43E8388B2129A9DE00E8C32F /* XIBs */ = {
			isa = PBXGroup;
			children = (
				4328D2032137FF660047625D /* Review */,
				43490F102133BC9D006BBD9D /* Base */,
				43490F0F2133BC8D006BBD9D /* Home */,
				43490F092133BB9C006BBD9D /* MyAnimeList */,
				43FF0C3B212E9219005EE970 /* DiscoverAnime */,
			);
			path = XIBs;
			sourceTree = "<group>";
		};
		43E838902129AA3D00E8C32F /* View */ = {
			isa = PBXGroup;
			children = (
				43E8388C2129AA1400E8C32F /* AnimeCell.swift */,
				43557187212D82A800479886 /* AnimeHeaderCell.swift */,
				4355718B212D92FC00479886 /* AnimeInfoCell.swift */,
				43FF0C2B212E688C005EE970 /* AnimeStatsCell.swift */,
				43FF0C2F212E7026005EE970 /* ExternalLinkCell.swift */,
				43FF0C33212E7E38005EE970 /* AnimeExtrasCell.swift */,
				43FF0C37212E8176005EE970 /* CharacterCell.swift */,
			);
			path = View;
			sourceTree = "<group>";
		};
		43FF0C3B212E9219005EE970 /* DiscoverAnime */ = {
			isa = PBXGroup;
			children = (
				43E8388D2129AA1400E8C32F /* AnimeCell.xib */,
				43557188212D82A800479886 /* AnimeHeaderCell.xib */,
				4355718C212D92FC00479886 /* AnimeInfoCell.xib */,
				43FF0C2C212E688C005EE970 /* AnimeStatsCell.xib */,
				43FF0C30212E7026005EE970 /* ExternalLinkCell.xib */,
				43FF0C34212E7E38005EE970 /* AnimeExtrasCell.xib */,
				43FF0C38212E8176005EE970 /* CharacterCell.xib */,
			);
			path = DiscoverAnime;
			sourceTree = "<group>";
		};
		43FF0C3C212E93B8005EE970 /* Models */ = {
			isa = PBXGroup;
			children = (
				43FF0C3D212E93CC005EE970 /* Anime.swift */,
				43FF0C41212E96A2005EE970 /* Airing.swift */,
				43FF0C45212E97A4005EE970 /* CharacterStaff.swift */,
				43FF0C49212E9822005EE970 /* ExternalLink.swift */,
				43FF0C53212EA43A005EE970 /* Studio.swift */,
				43490F132133C12C006BBD9D /* MyAnimeList.swift */,
				4328D20B213802710047625D /* Review.swift */,
			);
			path = Models;
			sourceTree = "<group>";
		};
		5B89A155F391FBF5342FF47D /* Pods */ = {
			isa = PBXGroup;
			children = (
				3DB934EC51330398AFEF3B13 /* Pods-ANIDESU-POI.debug.xcconfig */,
				6D9AB2635383421A6FBA9BD6 /* Pods-ANIDESU-POI.release.xcconfig */,
				D049C6E4F8EEABA4068878A8 /* Pods-ANIDESU-POITests.debug.xcconfig */,
				F14B44D237F466469F720634 /* Pods-ANIDESU-POITests.release.xcconfig */,
				431C28889FA377B619A3D8C6 /* Pods-ANIDESU-POIUITests.debug.xcconfig */,
				6C10CC30D422D7DD79F708C9 /* Pods-ANIDESU-POIUITests.release.xcconfig */,
			);
			name = Pods;
			sourceTree = "<group>";
		};
		BFC7CA7C8BDCC7F8BE852125 /* Frameworks */ = {
			isa = PBXGroup;
			children = (
				768E584DFE33FD52991E56FC /* Pods_ANIDESU_POI.framework */,
				568B8247B5B9939A9F579202 /* Pods_ANIDESU_POITests.framework */,
				59B4C972E9EAA9B5353A11FD /* Pods_ANIDESU_POIUITests.framework */,
			);
			name = Frameworks;
			sourceTree = "<group>";
		};
/* End PBXGroup section */

/* Begin PBXNativeTarget section */
		43939F0B211432B7001CCC48 /* ANIDESU-POI */ = {
			isa = PBXNativeTarget;
			buildConfigurationList = 43939F34211432BB001CCC48 /* Build configuration list for PBXNativeTarget "ANIDESU-POI" */;
			buildPhases = (
				3477EAB275915EB2B8082B51 /* [CP] Check Pods Manifest.lock */,
				43939F08211432B7001CCC48 /* Sources */,
				43939F09211432B7001CCC48 /* Frameworks */,
				43939F0A211432B7001CCC48 /* Resources */,
				B5DD6DC7343F892A785A3B44 /* [CP] Embed Pods Frameworks */,
			);
			buildRules = (
			);
			dependencies = (
			);
			name = "ANIDESU-POI";
			productName = "ANIDESU-POI";
			productReference = 43939F0C211432B7001CCC48 /* ANIDESU-POI.app */;
			productType = "com.apple.product-type.application";
		};
		43939F1F211432BB001CCC48 /* ANIDESU-POITests */ = {
			isa = PBXNativeTarget;
			buildConfigurationList = 43939F37211432BB001CCC48 /* Build configuration list for PBXNativeTarget "ANIDESU-POITests" */;
			buildPhases = (
				E4D1856A0FD5D8F7EA219EC2 /* [CP] Check Pods Manifest.lock */,
				43939F1C211432BB001CCC48 /* Sources */,
				43939F1D211432BB001CCC48 /* Frameworks */,
				43939F1E211432BB001CCC48 /* Resources */,
			);
			buildRules = (
			);
			dependencies = (
				43939F22211432BB001CCC48 /* PBXTargetDependency */,
			);
			name = "ANIDESU-POITests";
			productName = "ANIDESU-POITests";
			productReference = 43939F20211432BB001CCC48 /* ANIDESU-POITests.xctest */;
			productType = "com.apple.product-type.bundle.unit-test";
		};
		43939F2A211432BB001CCC48 /* ANIDESU-POIUITests */ = {
			isa = PBXNativeTarget;
			buildConfigurationList = 43939F3A211432BB001CCC48 /* Build configuration list for PBXNativeTarget "ANIDESU-POIUITests" */;
			buildPhases = (
				1241112D5A0F09982DBA2364 /* [CP] Check Pods Manifest.lock */,
				43939F27211432BB001CCC48 /* Sources */,
				43939F28211432BB001CCC48 /* Frameworks */,
				43939F29211432BB001CCC48 /* Resources */,
			);
			buildRules = (
			);
			dependencies = (
				43939F2D211432BB001CCC48 /* PBXTargetDependency */,
			);
			name = "ANIDESU-POIUITests";
			productName = "ANIDESU-POIUITests";
			productReference = 43939F2B211432BB001CCC48 /* ANIDESU-POIUITests.xctest */;
			productType = "com.apple.product-type.bundle.ui-testing";
		};
/* End PBXNativeTarget section */

/* Begin PBXProject section */
		43939F04211432B7001CCC48 /* Project object */ = {
			isa = PBXProject;
			attributes = {
				LastSwiftUpdateCheck = 0940;
				LastUpgradeCheck = 0940;
				ORGANIZATIONNAME = "Wirunpong Jaingamlertwong";
				TargetAttributes = {
					43939F0B211432B7001CCC48 = {
						CreatedOnToolsVersion = 9.4.1;
					};
					43939F1F211432BB001CCC48 = {
						CreatedOnToolsVersion = 9.4.1;
						TestTargetID = 43939F0B211432B7001CCC48;
					};
					43939F2A211432BB001CCC48 = {
						CreatedOnToolsVersion = 9.4.1;
						TestTargetID = 43939F0B211432B7001CCC48;
					};
				};
			};
			buildConfigurationList = 43939F07211432B7001CCC48 /* Build configuration list for PBXProject "ANIDESU-POI" */;
			compatibilityVersion = "Xcode 9.3";
			developmentRegion = en;
			hasScannedForEncodings = 0;
			knownRegions = (
				en,
				Base,
			);
			mainGroup = 43939F03211432B7001CCC48;
			productRefGroup = 43939F0D211432B7001CCC48 /* Products */;
			projectDirPath = "";
			projectRoot = "";
			targets = (
				43939F0B211432B7001CCC48 /* ANIDESU-POI */,
				43939F1F211432BB001CCC48 /* ANIDESU-POITests */,
				43939F2A211432BB001CCC48 /* ANIDESU-POIUITests */,
			);
		};
/* End PBXProject section */

/* Begin PBXResourcesBuildPhase section */
		43939F0A211432B7001CCC48 /* Resources */ = {
			isa = PBXResourcesBuildPhase;
			buildActionMask = 2147483647;
			files = (
				4307BA7D21184C73001FF8A1 /* Login.storyboard in Resources */,
				43E8388F2129AA1400E8C32F /* AnimeCell.xib in Resources */,
				43939F1A211432BB001CCC48 /* LaunchScreen.storyboard in Resources */,
				43FF0C2E212E688C005EE970 /* AnimeStatsCell.xib in Resources */,
				4307BA9021185DA7001FF8A1 /* GoogleService-Info.plist in Resources */,
				4306CCD8212A7B7E008DAFB1 /* PostCell.xib in Resources */,
				4355718E212D92FC00479886 /* AnimeInfoCell.xib in Resources */,
				43939F17211432BB001CCC48 /* Assets.xcassets in Resources */,
				43FF0C32212E7026005EE970 /* ExternalLinkCell.xib in Resources */,
				43557190212D958000479886 /* SectionHeaderView.xib in Resources */,
				43FF0C36212E7E38005EE970 /* AnimeExtrasCell.xib in Resources */,
				4328D2072138001D0047625D /* ReviewCell.xib in Resources */,
				4306CCD2212A6E64008DAFB1 /* PrePostCell.xib in Resources */,
				4355718A212D82A800479886 /* AnimeHeaderCell.xib in Resources */,
				43490F0D2133BBEC006BBD9D /* MyAnimeListCell.xib in Resources */,
				43939F15211432B7001CCC48 /* Main.storyboard in Resources */,
				4307BA9321195ED0001FF8A1 /* Register.storyboard in Resources */,
				43FF0C3A212E8176005EE970 /* CharacterCell.xib in Resources */,
			);
			runOnlyForDeploymentPostprocessing = 0;
		};
		43939F1E211432BB001CCC48 /* Resources */ = {
			isa = PBXResourcesBuildPhase;
			buildActionMask = 2147483647;
			files = (
			);
			runOnlyForDeploymentPostprocessing = 0;
		};
		43939F29211432BB001CCC48 /* Resources */ = {
			isa = PBXResourcesBuildPhase;
			buildActionMask = 2147483647;
			files = (
			);
			runOnlyForDeploymentPostprocessing = 0;
		};
/* End PBXResourcesBuildPhase section */

/* Begin PBXShellScriptBuildPhase section */
		1241112D5A0F09982DBA2364 /* [CP] Check Pods Manifest.lock */ = {
			isa = PBXShellScriptBuildPhase;
			buildActionMask = 2147483647;
			files = (
			);
			inputPaths = (
				"${PODS_PODFILE_DIR_PATH}/Podfile.lock",
				"${PODS_ROOT}/Manifest.lock",
			);
			name = "[CP] Check Pods Manifest.lock";
			outputPaths = (
				"$(DERIVED_FILE_DIR)/Pods-ANIDESU-POIUITests-checkManifestLockResult.txt",
			);
			runOnlyForDeploymentPostprocessing = 0;
			shellPath = /bin/sh;
			shellScript = "diff \"${PODS_PODFILE_DIR_PATH}/Podfile.lock\" \"${PODS_ROOT}/Manifest.lock\" > /dev/null\nif [ $? != 0 ] ; then\n    # print error to STDERR\n    echo \"error: The sandbox is not in sync with the Podfile.lock. Run 'pod install' or update your CocoaPods installation.\" >&2\n    exit 1\nfi\n# This output is used by Xcode 'outputs' to avoid re-running this script phase.\necho \"SUCCESS\" > \"${SCRIPT_OUTPUT_FILE_0}\"\n";
			showEnvVarsInLog = 0;
		};
		3477EAB275915EB2B8082B51 /* [CP] Check Pods Manifest.lock */ = {
			isa = PBXShellScriptBuildPhase;
			buildActionMask = 2147483647;
			files = (
			);
			inputPaths = (
				"${PODS_PODFILE_DIR_PATH}/Podfile.lock",
				"${PODS_ROOT}/Manifest.lock",
			);
			name = "[CP] Check Pods Manifest.lock";
			outputPaths = (
				"$(DERIVED_FILE_DIR)/Pods-ANIDESU-POI-checkManifestLockResult.txt",
			);
			runOnlyForDeploymentPostprocessing = 0;
			shellPath = /bin/sh;
			shellScript = "diff \"${PODS_PODFILE_DIR_PATH}/Podfile.lock\" \"${PODS_ROOT}/Manifest.lock\" > /dev/null\nif [ $? != 0 ] ; then\n    # print error to STDERR\n    echo \"error: The sandbox is not in sync with the Podfile.lock. Run 'pod install' or update your CocoaPods installation.\" >&2\n    exit 1\nfi\n# This output is used by Xcode 'outputs' to avoid re-running this script phase.\necho \"SUCCESS\" > \"${SCRIPT_OUTPUT_FILE_0}\"\n";
			showEnvVarsInLog = 0;
		};
		B5DD6DC7343F892A785A3B44 /* [CP] Embed Pods Frameworks */ = {
			isa = PBXShellScriptBuildPhase;
			buildActionMask = 2147483647;
			files = (
			);
			inputPaths = (
				"${SRCROOT}/Pods/Target Support Files/Pods-ANIDESU-POI/Pods-ANIDESU-POI-frameworks.sh",
				"${BUILT_PRODUCTS_DIR}/Alamofire/Alamofire.framework",
				"${BUILT_PRODUCTS_DIR}/AutoInsetter/AutoInsetter.framework",
				"${BUILT_PRODUCTS_DIR}/BoringSSL/openssl.framework",
				"${BUILT_PRODUCTS_DIR}/Eureka/Eureka.framework",
				"${BUILT_PRODUCTS_DIR}/GTMSessionFetcher/GTMSessionFetcher.framework",
				"${BUILT_PRODUCTS_DIR}/GoogleUtilities/GoogleUtilities.framework",
				"${BUILT_PRODUCTS_DIR}/Hero/Hero.framework",
				"${BUILT_PRODUCTS_DIR}/IHKeyboardAvoiding/IHKeyboardAvoiding.framework",
				"${BUILT_PRODUCTS_DIR}/Kingfisher/Kingfisher.framework",
				"${BUILT_PRODUCTS_DIR}/MBProgressHUD/MBProgressHUD.framework",
				"${BUILT_PRODUCTS_DIR}/Pageboy/Pageboy.framework",
				"${BUILT_PRODUCTS_DIR}/Protobuf/Protobuf.framework",
				"${BUILT_PRODUCTS_DIR}/RxCocoa/RxCocoa.framework",
				"${BUILT_PRODUCTS_DIR}/RxSwift/RxSwift.framework",
				"${BUILT_PRODUCTS_DIR}/Tabman/Tabman.framework",
				"${BUILT_PRODUCTS_DIR}/WCLShineButton/WCLShineButton.framework",
				"${BUILT_PRODUCTS_DIR}/gRPC/GRPCClient.framework",
				"${BUILT_PRODUCTS_DIR}/gRPC-Core/grpc.framework",
				"${BUILT_PRODUCTS_DIR}/gRPC-ProtoRPC/ProtoRPC.framework",
				"${BUILT_PRODUCTS_DIR}/gRPC-RxLibrary/RxLibrary.framework",
				"${BUILT_PRODUCTS_DIR}/leveldb-library/leveldb.framework",
				"${BUILT_PRODUCTS_DIR}/nanopb/nanopb.framework",
			);
			name = "[CP] Embed Pods Frameworks";
			outputPaths = (
				"${TARGET_BUILD_DIR}/${FRAMEWORKS_FOLDER_PATH}/Alamofire.framework",
				"${TARGET_BUILD_DIR}/${FRAMEWORKS_FOLDER_PATH}/AutoInsetter.framework",
				"${TARGET_BUILD_DIR}/${FRAMEWORKS_FOLDER_PATH}/openssl.framework",
				"${TARGET_BUILD_DIR}/${FRAMEWORKS_FOLDER_PATH}/Eureka.framework",
				"${TARGET_BUILD_DIR}/${FRAMEWORKS_FOLDER_PATH}/GTMSessionFetcher.framework",
				"${TARGET_BUILD_DIR}/${FRAMEWORKS_FOLDER_PATH}/GoogleUtilities.framework",
				"${TARGET_BUILD_DIR}/${FRAMEWORKS_FOLDER_PATH}/Hero.framework",
				"${TARGET_BUILD_DIR}/${FRAMEWORKS_FOLDER_PATH}/IHKeyboardAvoiding.framework",
				"${TARGET_BUILD_DIR}/${FRAMEWORKS_FOLDER_PATH}/Kingfisher.framework",
				"${TARGET_BUILD_DIR}/${FRAMEWORKS_FOLDER_PATH}/MBProgressHUD.framework",
				"${TARGET_BUILD_DIR}/${FRAMEWORKS_FOLDER_PATH}/Pageboy.framework",
				"${TARGET_BUILD_DIR}/${FRAMEWORKS_FOLDER_PATH}/Protobuf.framework",
				"${TARGET_BUILD_DIR}/${FRAMEWORKS_FOLDER_PATH}/RxCocoa.framework",
				"${TARGET_BUILD_DIR}/${FRAMEWORKS_FOLDER_PATH}/RxSwift.framework",
				"${TARGET_BUILD_DIR}/${FRAMEWORKS_FOLDER_PATH}/Tabman.framework",
				"${TARGET_BUILD_DIR}/${FRAMEWORKS_FOLDER_PATH}/WCLShineButton.framework",
				"${TARGET_BUILD_DIR}/${FRAMEWORKS_FOLDER_PATH}/GRPCClient.framework",
				"${TARGET_BUILD_DIR}/${FRAMEWORKS_FOLDER_PATH}/grpc.framework",
				"${TARGET_BUILD_DIR}/${FRAMEWORKS_FOLDER_PATH}/ProtoRPC.framework",
				"${TARGET_BUILD_DIR}/${FRAMEWORKS_FOLDER_PATH}/RxLibrary.framework",
				"${TARGET_BUILD_DIR}/${FRAMEWORKS_FOLDER_PATH}/leveldb.framework",
				"${TARGET_BUILD_DIR}/${FRAMEWORKS_FOLDER_PATH}/nanopb.framework",
			);
			runOnlyForDeploymentPostprocessing = 0;
			shellPath = /bin/sh;
			shellScript = "\"${SRCROOT}/Pods/Target Support Files/Pods-ANIDESU-POI/Pods-ANIDESU-POI-frameworks.sh\"\n";
			showEnvVarsInLog = 0;
		};
		E4D1856A0FD5D8F7EA219EC2 /* [CP] Check Pods Manifest.lock */ = {
			isa = PBXShellScriptBuildPhase;
			buildActionMask = 2147483647;
			files = (
			);
			inputPaths = (
				"${PODS_PODFILE_DIR_PATH}/Podfile.lock",
				"${PODS_ROOT}/Manifest.lock",
			);
			name = "[CP] Check Pods Manifest.lock";
			outputPaths = (
				"$(DERIVED_FILE_DIR)/Pods-ANIDESU-POITests-checkManifestLockResult.txt",
			);
			runOnlyForDeploymentPostprocessing = 0;
			shellPath = /bin/sh;
			shellScript = "diff \"${PODS_PODFILE_DIR_PATH}/Podfile.lock\" \"${PODS_ROOT}/Manifest.lock\" > /dev/null\nif [ $? != 0 ] ; then\n    # print error to STDERR\n    echo \"error: The sandbox is not in sync with the Podfile.lock. Run 'pod install' or update your CocoaPods installation.\" >&2\n    exit 1\nfi\n# This output is used by Xcode 'outputs' to avoid re-running this script phase.\necho \"SUCCESS\" > \"${SCRIPT_OUTPUT_FILE_0}\"\n";
			showEnvVarsInLog = 0;
		};
/* End PBXShellScriptBuildPhase section */

/* Begin PBXSourcesBuildPhase section */
		43939F08211432B7001CCC48 /* Sources */ = {
			isa = PBXSourcesBuildPhase;
			buildActionMask = 2147483647;
			files = (
				4307BA80211850FB001FF8A1 /* LoginViewController.swift in Sources */,
				4328D1FD2137B5930047625D /* FirebaseRouter.swift in Sources */,
				4307BA9D21198D5A001FF8A1 /* ImageRoundView.swift in Sources */,
				43490F122133BF6C006BBD9D /* MyAnimeListViewModel.swift in Sources */,
				437285512126CBAC007388C6 /* AniListManager.swift in Sources */,
				43FF0C39212E8176005EE970 /* CharacterCell.swift in Sources */,
				437ACED121242DAF00DF56F2 /* UserManager.swift in Sources */,
				4306CCE1212A9C57008DAFB1 /* PostResponse.swift in Sources */,
				437ACECC212412A500DF56F2 /* Image+KF+RoundView.swift in Sources */,
				4306CCD7212A7B7E008DAFB1 /* PostCell.swift in Sources */,
				4306CCD4212A70A3008DAFB1 /* PrePostCell.swift in Sources */,
				43FF0C54212EA43A005EE970 /* Studio.swift in Sources */,
				43994951213947DA0099F48E /* CreateReviewViewController.swift in Sources */,
				437ACEC8212410A800DF56F2 /* DiscoverAnimeViewController.swift in Sources */,
				437285532126CE30007388C6 /* APIManager.swift in Sources */,
				43E8388A2129A03D00E8C32F /* MenuViewController.swift in Sources */,
				437285562126DB9F007388C6 /* AnilistAuthenResponse.swift in Sources */,
				43FF0C35212E7E38005EE970 /* AnimeExtrasCell.swift in Sources */,
				43FF0C52212EA3B0005EE970 /* StudioResponse.swift in Sources */,
				435CC31C213696870058AF41 /* Router.swift in Sources */,
				4328D20E213808890047625D /* ReviewViewModel.swift in Sources */,
				43FF0C42212E96A2005EE970 /* Airing.swift in Sources */,
				4307BAA3211991B7001FF8A1 /* UIImage+JPEG.swift in Sources */,
				437ACECF212420C900DF56F2 /* UserDataModel.swift in Sources */,
				43FF0C46212E97A4005EE970 /* CharacterStaff.swift in Sources */,
				43FF0C4C212E99DD005EE970 /* AiringResponse.swift in Sources */,
				43490F082133B971006BBD9D /* MyAnimeListViewController.swift in Sources */,
				4328D20C213802710047625D /* Review.swift in Sources */,
				4307BA8C21185B4B001FF8A1 /* FirebaseManager.swift in Sources */,
				43747D50211D7A4B005879F7 /* HomeViewController.swift in Sources */,
				4335C1D82136B6D8006F1755 /* CreateMyAnimeListViewController.swift in Sources */,
				4307BA9A21197986001FF8A1 /* AnidesuColor.swift in Sources */,
				437285582126E130007388C6 /* AnimeResponse.swift in Sources */,
				43490F142133C12C006BBD9D /* MyAnimeList.swift in Sources */,
				4306CCE7212ABFD8008DAFB1 /* PostDetailViewController.swift in Sources */,
				4306CCE9212AD4B1008DAFB1 /* CommentCell.swift in Sources */,
				4306CCEB212AD5E1008DAFB1 /* AnidesuRoundView.swift in Sources */,
				43FF0C4E212E9ADB005EE970 /* CharacterStaffResponse.swift in Sources */,
				4307BA9621195EF0001FF8A1 /* RegisterViewController.swift in Sources */,
				4399494F2138F5AE0099F48E /* FirestoreRouter.swift in Sources */,
				4307BA8921185A94001FF8A1 /* LoginViewModel.swift in Sources */,
				43FF0C3E212E93CC005EE970 /* Anime.swift in Sources */,
				4328D2022137FEDC0047625D /* ReviewViewController.swift in Sources */,
				43E8388E2129AA1400E8C32F /* AnimeCell.swift in Sources */,
				43557189212D82A800479886 /* AnimeHeaderCell.swift in Sources */,
				43557192212D96A300479886 /* SectionHeaderView.swift in Sources */,
				4355718D212D92FC00479886 /* AnimeInfoCell.swift in Sources */,
				43FF0C2D212E688C005EE970 /* AnimeStatsCell.swift in Sources */,
				4307BAA521199BF0001FF8A1 /* RegisterViewModel.swift in Sources */,
				4306CCDA212A8979008DAFB1 /* CreatePostViewController.swift in Sources */,
				4306CCE5212ABE3C008DAFB1 /* CommentResponse.swift in Sources */,
				4307BA832118517D001FF8A1 /* AnidesuButton.swift in Sources */,
				4306CCDC212A9490008DAFB1 /* PostViewModel.swift in Sources */,
				43557186212D81FE00479886 /* AnimeDetailViewController.swift in Sources */,
				4306CCE3212AA1CE008DAFB1 /* UserResponse.swift in Sources */,
				43FF0C56212EA508005EE970 /* AnidesuConverter.swift in Sources */,
				43490F162133C181006BBD9D /* MyAnimeListResponse.swift in Sources */,
				4328D2062138001D0047625D /* ReviewCell.swift in Sources */,
				437ACECA212410B900DF56F2 /* DiscoverAnimeViewModel.swift in Sources */,
				43FF0C31212E7026005EE970 /* ExternalLinkCell.swift in Sources */,
				4307BA982119602A001FF8A1 /* BaseNavigationViewController.swift in Sources */,
				43939F10211432B7001CCC48 /* AppDelegate.swift in Sources */,
				43490F0C2133BBEC006BBD9D /* MyAnimeListCell.swift in Sources */,
				43FF0C4A212E9822005EE970 /* ExternalLink.swift in Sources */,
				4328D20A213801DA0047625D /* ReviewResponse.swift in Sources */,
				43FF0C50212E9F45005EE970 /* ExternalLinkResponse.swift in Sources */,
				4307BA7A21184BAD001FF8A1 /* BaseViewController.swift in Sources */,
			);
			runOnlyForDeploymentPostprocessing = 0;
		};
		43939F1C211432BB001CCC48 /* Sources */ = {
			isa = PBXSourcesBuildPhase;
			buildActionMask = 2147483647;
			files = (
				43939F25211432BB001CCC48 /* ANIDESU_POITests.swift in Sources */,
			);
			runOnlyForDeploymentPostprocessing = 0;
		};
		43939F27211432BB001CCC48 /* Sources */ = {
			isa = PBXSourcesBuildPhase;
			buildActionMask = 2147483647;
			files = (
				43939F30211432BB001CCC48 /* ANIDESU_POIUITests.swift in Sources */,
			);
			runOnlyForDeploymentPostprocessing = 0;
		};
/* End PBXSourcesBuildPhase section */

/* Begin PBXTargetDependency section */
		43939F22211432BB001CCC48 /* PBXTargetDependency */ = {
			isa = PBXTargetDependency;
			target = 43939F0B211432B7001CCC48 /* ANIDESU-POI */;
			targetProxy = 43939F21211432BB001CCC48 /* PBXContainerItemProxy */;
		};
		43939F2D211432BB001CCC48 /* PBXTargetDependency */ = {
			isa = PBXTargetDependency;
			target = 43939F0B211432B7001CCC48 /* ANIDESU-POI */;
			targetProxy = 43939F2C211432BB001CCC48 /* PBXContainerItemProxy */;
		};
/* End PBXTargetDependency section */

/* Begin PBXVariantGroup section */
		4307BA7B21184C73001FF8A1 /* Login.storyboard */ = {
			isa = PBXVariantGroup;
			children = (
				4307BA7C21184C73001FF8A1 /* Base */,
			);
			name = Login.storyboard;
			sourceTree = "<group>";
		};
		4307BA9121195ED0001FF8A1 /* Register.storyboard */ = {
			isa = PBXVariantGroup;
			children = (
				4307BA9221195ED0001FF8A1 /* Base */,
			);
			name = Register.storyboard;
			sourceTree = "<group>";
		};
		43939F13211432B7001CCC48 /* Main.storyboard */ = {
			isa = PBXVariantGroup;
			children = (
				43939F14211432B7001CCC48 /* Base */,
			);
			name = Main.storyboard;
			sourceTree = "<group>";
		};
		43939F18211432BB001CCC48 /* LaunchScreen.storyboard */ = {
			isa = PBXVariantGroup;
			children = (
				43939F19211432BB001CCC48 /* Base */,
			);
			name = LaunchScreen.storyboard;
			sourceTree = "<group>";
		};
/* End PBXVariantGroup section */

/* Begin XCBuildConfiguration section */
		43939F32211432BB001CCC48 /* Debug */ = {
			isa = XCBuildConfiguration;
			buildSettings = {
				ALWAYS_SEARCH_USER_PATHS = NO;
				CLANG_ANALYZER_NONNULL = YES;
				CLANG_ANALYZER_NUMBER_OBJECT_CONVERSION = YES_AGGRESSIVE;
				CLANG_CXX_LANGUAGE_STANDARD = "gnu++14";
				CLANG_CXX_LIBRARY = "libc++";
				CLANG_ENABLE_MODULES = YES;
				CLANG_ENABLE_OBJC_ARC = YES;
				CLANG_ENABLE_OBJC_WEAK = YES;
				CLANG_WARN_BLOCK_CAPTURE_AUTORELEASING = YES;
				CLANG_WARN_BOOL_CONVERSION = YES;
				CLANG_WARN_COMMA = YES;
				CLANG_WARN_CONSTANT_CONVERSION = YES;
				CLANG_WARN_DEPRECATED_OBJC_IMPLEMENTATIONS = YES;
				CLANG_WARN_DIRECT_OBJC_ISA_USAGE = YES_ERROR;
				CLANG_WARN_DOCUMENTATION_COMMENTS = YES;
				CLANG_WARN_EMPTY_BODY = YES;
				CLANG_WARN_ENUM_CONVERSION = YES;
				CLANG_WARN_INFINITE_RECURSION = YES;
				CLANG_WARN_INT_CONVERSION = YES;
				CLANG_WARN_NON_LITERAL_NULL_CONVERSION = YES;
				CLANG_WARN_OBJC_IMPLICIT_RETAIN_SELF = YES;
				CLANG_WARN_OBJC_LITERAL_CONVERSION = YES;
				CLANG_WARN_OBJC_ROOT_CLASS = YES_ERROR;
				CLANG_WARN_RANGE_LOOP_ANALYSIS = YES;
				CLANG_WARN_STRICT_PROTOTYPES = YES;
				CLANG_WARN_SUSPICIOUS_MOVE = YES;
				CLANG_WARN_UNGUARDED_AVAILABILITY = YES_AGGRESSIVE;
				CLANG_WARN_UNREACHABLE_CODE = YES;
				CLANG_WARN__DUPLICATE_METHOD_MATCH = YES;
				CODE_SIGN_IDENTITY = "iPhone Developer";
				COPY_PHASE_STRIP = NO;
				DEBUG_INFORMATION_FORMAT = dwarf;
				ENABLE_STRICT_OBJC_MSGSEND = YES;
				ENABLE_TESTABILITY = YES;
				GCC_C_LANGUAGE_STANDARD = gnu11;
				GCC_DYNAMIC_NO_PIC = NO;
				GCC_NO_COMMON_BLOCKS = YES;
				GCC_OPTIMIZATION_LEVEL = 0;
				GCC_PREPROCESSOR_DEFINITIONS = (
					"DEBUG=1",
					"$(inherited)",
				);
				GCC_WARN_64_TO_32_BIT_CONVERSION = YES;
				GCC_WARN_ABOUT_RETURN_TYPE = YES_ERROR;
				GCC_WARN_UNDECLARED_SELECTOR = YES;
				GCC_WARN_UNINITIALIZED_AUTOS = YES_AGGRESSIVE;
				GCC_WARN_UNUSED_FUNCTION = YES;
				GCC_WARN_UNUSED_VARIABLE = YES;
				IPHONEOS_DEPLOYMENT_TARGET = 11.4;
				MTL_ENABLE_DEBUG_INFO = YES;
				ONLY_ACTIVE_ARCH = YES;
				SDKROOT = iphoneos;
				SWIFT_ACTIVE_COMPILATION_CONDITIONS = DEBUG;
				SWIFT_OPTIMIZATION_LEVEL = "-Onone";
			};
			name = Debug;
		};
		43939F33211432BB001CCC48 /* Release */ = {
			isa = XCBuildConfiguration;
			buildSettings = {
				ALWAYS_SEARCH_USER_PATHS = NO;
				CLANG_ANALYZER_NONNULL = YES;
				CLANG_ANALYZER_NUMBER_OBJECT_CONVERSION = YES_AGGRESSIVE;
				CLANG_CXX_LANGUAGE_STANDARD = "gnu++14";
				CLANG_CXX_LIBRARY = "libc++";
				CLANG_ENABLE_MODULES = YES;
				CLANG_ENABLE_OBJC_ARC = YES;
				CLANG_ENABLE_OBJC_WEAK = YES;
				CLANG_WARN_BLOCK_CAPTURE_AUTORELEASING = YES;
				CLANG_WARN_BOOL_CONVERSION = YES;
				CLANG_WARN_COMMA = YES;
				CLANG_WARN_CONSTANT_CONVERSION = YES;
				CLANG_WARN_DEPRECATED_OBJC_IMPLEMENTATIONS = YES;
				CLANG_WARN_DIRECT_OBJC_ISA_USAGE = YES_ERROR;
				CLANG_WARN_DOCUMENTATION_COMMENTS = YES;
				CLANG_WARN_EMPTY_BODY = YES;
				CLANG_WARN_ENUM_CONVERSION = YES;
				CLANG_WARN_INFINITE_RECURSION = YES;
				CLANG_WARN_INT_CONVERSION = YES;
				CLANG_WARN_NON_LITERAL_NULL_CONVERSION = YES;
				CLANG_WARN_OBJC_IMPLICIT_RETAIN_SELF = YES;
				CLANG_WARN_OBJC_LITERAL_CONVERSION = YES;
				CLANG_WARN_OBJC_ROOT_CLASS = YES_ERROR;
				CLANG_WARN_RANGE_LOOP_ANALYSIS = YES;
				CLANG_WARN_STRICT_PROTOTYPES = YES;
				CLANG_WARN_SUSPICIOUS_MOVE = YES;
				CLANG_WARN_UNGUARDED_AVAILABILITY = YES_AGGRESSIVE;
				CLANG_WARN_UNREACHABLE_CODE = YES;
				CLANG_WARN__DUPLICATE_METHOD_MATCH = YES;
				CODE_SIGN_IDENTITY = "iPhone Developer";
				COPY_PHASE_STRIP = NO;
				DEBUG_INFORMATION_FORMAT = "dwarf-with-dsym";
				ENABLE_NS_ASSERTIONS = NO;
				ENABLE_STRICT_OBJC_MSGSEND = YES;
				GCC_C_LANGUAGE_STANDARD = gnu11;
				GCC_NO_COMMON_BLOCKS = YES;
				GCC_WARN_64_TO_32_BIT_CONVERSION = YES;
				GCC_WARN_ABOUT_RETURN_TYPE = YES_ERROR;
				GCC_WARN_UNDECLARED_SELECTOR = YES;
				GCC_WARN_UNINITIALIZED_AUTOS = YES_AGGRESSIVE;
				GCC_WARN_UNUSED_FUNCTION = YES;
				GCC_WARN_UNUSED_VARIABLE = YES;
				IPHONEOS_DEPLOYMENT_TARGET = 11.4;
				MTL_ENABLE_DEBUG_INFO = NO;
				SDKROOT = iphoneos;
				SWIFT_COMPILATION_MODE = wholemodule;
				SWIFT_OPTIMIZATION_LEVEL = "-O";
				VALIDATE_PRODUCT = YES;
			};
			name = Release;
		};
		43939F35211432BB001CCC48 /* Debug */ = {
			isa = XCBuildConfiguration;
			baseConfigurationReference = 3DB934EC51330398AFEF3B13 /* Pods-ANIDESU-POI.debug.xcconfig */;
			buildSettings = {
				ASSETCATALOG_COMPILER_APPICON_NAME = AppIcon;
				CODE_SIGN_STYLE = Automatic;
				DEVELOPMENT_TEAM = "";
				INFOPLIST_FILE = "$(SRCROOT)/Supporting Files/Info.plist";
				LD_RUNPATH_SEARCH_PATHS = (
					"$(inherited)",
					"@executable_path/Frameworks",
				);
				PRODUCT_BUNDLE_IDENTIFIER = "bellkung.ANIDESU-POI";
				PRODUCT_NAME = "$(TARGET_NAME)";
				SWIFT_VERSION = 4.0;
				TARGETED_DEVICE_FAMILY = "1,2";
			};
			name = Debug;
		};
		43939F36211432BB001CCC48 /* Release */ = {
			isa = XCBuildConfiguration;
			baseConfigurationReference = 6D9AB2635383421A6FBA9BD6 /* Pods-ANIDESU-POI.release.xcconfig */;
			buildSettings = {
				ASSETCATALOG_COMPILER_APPICON_NAME = AppIcon;
				CODE_SIGN_STYLE = Automatic;
				DEVELOPMENT_TEAM = "";
				INFOPLIST_FILE = "$(SRCROOT)/Supporting Files/Info.plist";
				LD_RUNPATH_SEARCH_PATHS = (
					"$(inherited)",
					"@executable_path/Frameworks",
				);
				PRODUCT_BUNDLE_IDENTIFIER = "bellkung.ANIDESU-POI";
				PRODUCT_NAME = "$(TARGET_NAME)";
				SWIFT_VERSION = 4.0;
				TARGETED_DEVICE_FAMILY = "1,2";
			};
			name = Release;
		};
		43939F38211432BB001CCC48 /* Debug */ = {
			isa = XCBuildConfiguration;
			baseConfigurationReference = D049C6E4F8EEABA4068878A8 /* Pods-ANIDESU-POITests.debug.xcconfig */;
			buildSettings = {
				ALWAYS_EMBED_SWIFT_STANDARD_LIBRARIES = YES;
				BUNDLE_LOADER = "$(TEST_HOST)";
				CODE_SIGN_STYLE = Automatic;
				INFOPLIST_FILE = "ANIDESU-POITests/Info.plist";
				LD_RUNPATH_SEARCH_PATHS = (
					"$(inherited)",
					"@executable_path/Frameworks",
					"@loader_path/Frameworks",
				);
				PRODUCT_BUNDLE_IDENTIFIER = "bellkung.ANIDESU-POITests";
				PRODUCT_NAME = "$(TARGET_NAME)";
				SWIFT_VERSION = 4.0;
				TARGETED_DEVICE_FAMILY = "1,2";
				TEST_HOST = "$(BUILT_PRODUCTS_DIR)/ANIDESU-POI.app/ANIDESU-POI";
			};
			name = Debug;
		};
		43939F39211432BB001CCC48 /* Release */ = {
			isa = XCBuildConfiguration;
			baseConfigurationReference = F14B44D237F466469F720634 /* Pods-ANIDESU-POITests.release.xcconfig */;
			buildSettings = {
				ALWAYS_EMBED_SWIFT_STANDARD_LIBRARIES = YES;
				BUNDLE_LOADER = "$(TEST_HOST)";
				CODE_SIGN_STYLE = Automatic;
				INFOPLIST_FILE = "ANIDESU-POITests/Info.plist";
				LD_RUNPATH_SEARCH_PATHS = (
					"$(inherited)",
					"@executable_path/Frameworks",
					"@loader_path/Frameworks",
				);
				PRODUCT_BUNDLE_IDENTIFIER = "bellkung.ANIDESU-POITests";
				PRODUCT_NAME = "$(TARGET_NAME)";
				SWIFT_VERSION = 4.0;
				TARGETED_DEVICE_FAMILY = "1,2";
				TEST_HOST = "$(BUILT_PRODUCTS_DIR)/ANIDESU-POI.app/ANIDESU-POI";
			};
			name = Release;
		};
		43939F3B211432BB001CCC48 /* Debug */ = {
			isa = XCBuildConfiguration;
			baseConfigurationReference = 431C28889FA377B619A3D8C6 /* Pods-ANIDESU-POIUITests.debug.xcconfig */;
			buildSettings = {
				ALWAYS_EMBED_SWIFT_STANDARD_LIBRARIES = YES;
				CODE_SIGN_STYLE = Automatic;
				INFOPLIST_FILE = "ANIDESU-POIUITests/Info.plist";
				LD_RUNPATH_SEARCH_PATHS = (
					"$(inherited)",
					"@executable_path/Frameworks",
					"@loader_path/Frameworks",
				);
				PRODUCT_BUNDLE_IDENTIFIER = "bellkung.ANIDESU-POIUITests";
				PRODUCT_NAME = "$(TARGET_NAME)";
				SWIFT_VERSION = 4.0;
				TARGETED_DEVICE_FAMILY = "1,2";
				TEST_TARGET_NAME = "ANIDESU-POI";
			};
			name = Debug;
		};
		43939F3C211432BB001CCC48 /* Release */ = {
			isa = XCBuildConfiguration;
			baseConfigurationReference = 6C10CC30D422D7DD79F708C9 /* Pods-ANIDESU-POIUITests.release.xcconfig */;
			buildSettings = {
				ALWAYS_EMBED_SWIFT_STANDARD_LIBRARIES = YES;
				CODE_SIGN_STYLE = Automatic;
				INFOPLIST_FILE = "ANIDESU-POIUITests/Info.plist";
				LD_RUNPATH_SEARCH_PATHS = (
					"$(inherited)",
					"@executable_path/Frameworks",
					"@loader_path/Frameworks",
				);
				PRODUCT_BUNDLE_IDENTIFIER = "bellkung.ANIDESU-POIUITests";
				PRODUCT_NAME = "$(TARGET_NAME)";
				SWIFT_VERSION = 4.0;
				TARGETED_DEVICE_FAMILY = "1,2";
				TEST_TARGET_NAME = "ANIDESU-POI";
			};
			name = Release;
		};
/* End XCBuildConfiguration section */

/* Begin XCConfigurationList section */
		43939F07211432B7001CCC48 /* Build configuration list for PBXProject "ANIDESU-POI" */ = {
			isa = XCConfigurationList;
			buildConfigurations = (
				43939F32211432BB001CCC48 /* Debug */,
				43939F33211432BB001CCC48 /* Release */,
			);
			defaultConfigurationIsVisible = 0;
			defaultConfigurationName = Release;
		};
		43939F34211432BB001CCC48 /* Build configuration list for PBXNativeTarget "ANIDESU-POI" */ = {
			isa = XCConfigurationList;
			buildConfigurations = (
				43939F35211432BB001CCC48 /* Debug */,
				43939F36211432BB001CCC48 /* Release */,
			);
			defaultConfigurationIsVisible = 0;
			defaultConfigurationName = Release;
		};
		43939F37211432BB001CCC48 /* Build configuration list for PBXNativeTarget "ANIDESU-POITests" */ = {
			isa = XCConfigurationList;
			buildConfigurations = (
				43939F38211432BB001CCC48 /* Debug */,
				43939F39211432BB001CCC48 /* Release */,
			);
			defaultConfigurationIsVisible = 0;
			defaultConfigurationName = Release;
		};
		43939F3A211432BB001CCC48 /* Build configuration list for PBXNativeTarget "ANIDESU-POIUITests" */ = {
			isa = XCConfigurationList;
			buildConfigurations = (
				43939F3B211432BB001CCC48 /* Debug */,
				43939F3C211432BB001CCC48 /* Release */,
			);
			defaultConfigurationIsVisible = 0;
			defaultConfigurationName = Release;
		};
/* End XCConfigurationList section */
	};
	rootObject = 43939F04211432B7001CCC48 /* Project object */;
}
